
Microsoft Visual Studio Solution File, Format Version 12.00
# Visual Studio Version 17
VisualStudioVersion = 17.13.35828.75 d17.13
MinimumVisualStudioVersion = 10.0.40219.1
Project("{FAE04EC0-301F-11D3-BF4B-00C04F79EFBC}") = "atCsharp", "atCsharp.csproj", "{7BA7CF86-0573-45E9-88F0-2A3C5402C101}"
EndProject
Project("{FAE04EC0-301F-11D3-BF4B-00C04F79EFBC}") = "exercicio02", "..\exercicio02\exercicio02.csproj", "{1A6845DF-5A01-4525-8886-6B26BFFD2BA9}"
EndProject
Project("{FAE04EC0-301F-11D3-BF4B-00C04F79EFBC}") = "exercicio03", "..\exercicio03\exercicio03.csproj", "{9873A96F-8460-42DB-BFFD-BC4A84B7E1CE}"
EndProject
Project("{FAE04EC0-301F-11D3-BF4B-00C04F79EFBC}") = "exercicio04", "..\exercicio04\exercicio04.csproj", "{C735C16F-D4FF-4E52-A515-852AD961F0AA}"
EndProject
Project("{FAE04EC0-301F-11D3-BF4B-00C04F79EFBC}") = "exercicio05", "..\exercicio05\exercicio05.csproj", "{144E6D17-2388-445A-9780-420CD7E41CC6}"
EndProject
Project("{FAE04EC0-301F-11D3-BF4B-00C04F79EFBC}") = "exercicio06", "..\exercicio06\exercicio06.csproj", "{F838E302-B11A-4012-A651-9EE50149F23A}"
EndProject
Project("{FAE04EC0-301F-11D3-BF4B-00C04F79EFBC}") = "exercicio07", "..\exercicio07\exercicio07.csproj", "{5A0357F7-D4D7-45E2-AD4E-EF2FC478F0DB}"
EndProject
Project("{FAE04EC0-301F-11D3-BF4B-00C04F79EFBC}") = "exercicio08", "..\exercicio08\exercicio08.csproj", "{F3D64BD1-EA10-44A4-B33F-D5C2D9317E04}"
EndProject
Project("{FAE04EC0-301F-11D3-BF4B-00C04F79EFBC}") = "exercicio09", "..\exercicio09\exercicio09.csproj", "{78DCD71D-2B0D-4AB5-8EBB-2EC37BCC7DD5}"
EndProject
Project("{FAE04EC0-301F-11D3-BF4B-00C04F79EFBC}") = "exercicio10", "..\exercicio10\exercicio10.csproj", "{C2C76815-D553-49BF-9A12-AC30AEA6939F}"
EndProject
Project("{FAE04EC0-301F-11D3-BF4B-00C04F79EFBC}") = "exercicio11", "..\exercicio11\exercicio11.csproj", "{A7DE3E22-F1FA-47A4-A03B-7014A518F745}"
EndProject
Global
	GlobalSection(SolutionConfigurationPlatforms) = preSolution
		Debug|Any CPU = Debug|Any CPU
		Release|Any CPU = Release|Any CPU
	EndGlobalSection
	GlobalSection(ProjectConfigurationPlatforms) = postSolution
		{7BA7CF86-0573-45E9-88F0-2A3C5402C101}.Debug|Any CPU.ActiveCfg = Debug|Any CPU
		{7BA7CF86-0573-45E9-88F0-2A3C5402C101}.Debug|Any CPU.Build.0 = Debug|Any CPU
		{7BA7CF86-0573-45E9-88F0-2A3C5402C101}.Release|Any CPU.ActiveCfg = Release|Any CPU
		{7BA7CF86-0573-45E9-88F0-2A3C5402C101}.Release|Any CPU.Build.0 = Release|Any CPU
		{1A6845DF-5A01-4525-8886-6B26BFFD2BA9}.Debug|Any CPU.ActiveCfg = Debug|Any CPU
		{1A6845DF-5A01-4525-8886-6B26BFFD2BA9}.Debug|Any CPU.Build.0 = Debug|Any CPU
		{1A6845DF-5A01-4525-8886-6B26BFFD2BA9}.Release|Any CPU.ActiveCfg = Release|Any CPU
		{1A6845DF-5A01-4525-8886-6B26BFFD2BA9}.Release|Any CPU.Build.0 = Release|Any CPU
		{9873A96F-8460-42DB-BFFD-BC4A84B7E1CE}.Debug|Any CPU.ActiveCfg = Debug|Any CPU
		{9873A96F-8460-42DB-BFFD-BC4A84B7E1CE}.Debug|Any CPU.Build.0 = Debug|Any CPU
		{9873A96F-8460-42DB-BFFD-BC4A84B7E1CE}.Release|Any CPU.ActiveCfg = Release|Any CPU
		{9873A96F-8460-42DB-BFFD-BC4A84B7E1CE}.Release|Any CPU.Build.0 = Release|Any CPU
		{C735C16F-D4FF-4E52-A515-852AD961F0AA}.Debug|Any CPU.ActiveCfg = Debug|Any CPU
		{C735C16F-D4FF-4E52-A515-852AD961F0AA}.Debug|Any CPU.Build.0 = Debug|Any CPU
		{C735C16F-D4FF-4E52-A515-852AD961F0AA}.Release|Any CPU.ActiveCfg = Release|Any CPU
		{C735C16F-D4FF-4E52-A515-852AD961F0AA}.Release|Any CPU.Build.0 = Release|Any CPU
		{144E6D17-2388-445A-9780-420CD7E41CC6}.Debug|Any CPU.ActiveCfg = Debug|Any CPU
		{144E6D17-2388-445A-9780-420CD7E41CC6}.Debug|Any CPU.Build.0 = Debug|Any CPU
		{144E6D17-2388-445A-9780-420CD7E41CC6}.Release|Any CPU.ActiveCfg = Release|Any CPU
		{144E6D17-2388-445A-9780-420CD7E41CC6}.Release|Any CPU.Build.0 = Release|Any CPU
		{F838E302-B11A-4012-A651-9EE50149F23A}.Debug|Any CPU.ActiveCfg = Debug|Any CPU
		{F838E302-B11A-4012-A651-9EE50149F23A}.Debug|Any CPU.Build.0 = Debug|Any CPU
		{F838E302-B11A-4012-A651-9EE50149F23A}.Release|Any CPU.ActiveCfg = Release|Any CPU
		{F838E302-B11A-4012-A651-9EE50149F23A}.Release|Any CPU.Build.0 = Release|Any CPU
		{5A0357F7-D4D7-45E2-AD4E-EF2FC478F0DB}.Debug|Any CPU.ActiveCfg = Debug|Any CPU
		{5A0357F7-D4D7-45E2-AD4E-EF2FC478F0DB}.Debug|Any CPU.Build.0 = Debug|Any CPU
		{5A0357F7-D4D7-45E2-AD4E-EF2FC478F0DB}.Release|Any CPU.ActiveCfg = Release|Any CPU
		{5A0357F7-D4D7-45E2-AD4E-EF2FC478F0DB}.Release|Any CPU.Build.0 = Release|Any CPU
		{F3D64BD1-EA10-44A4-B33F-D5C2D9317E04}.Debug|Any CPU.ActiveCfg = Debug|Any CPU
		{F3D64BD1-EA10-44A4-B33F-D5C2D9317E04}.Debug|Any CPU.Build.0 = Debug|Any CPU
		{F3D64BD1-EA10-44A4-B33F-D5C2D9317E04}.Release|Any CPU.ActiveCfg = Release|Any CPU
		{F3D64BD1-EA10-44A4-B33F-D5C2D9317E04}.Release|Any CPU.Build.0 = Release|Any CPU
		{78DCD71D-2B0D-4AB5-8EBB-2EC37BCC7DD5}.Debug|Any CPU.ActiveCfg = Debug|Any CPU
		{78DCD71D-2B0D-4AB5-8EBB-2EC37BCC7DD5}.Debug|Any CPU.Build.0 = Debug|Any CPU
		{78DCD71D-2B0D-4AB5-8EBB-2EC37BCC7DD5}.Release|Any CPU.ActiveCfg = Release|Any CPU
		{78DCD71D-2B0D-4AB5-8EBB-2EC37BCC7DD5}.Release|Any CPU.Build.0 = Release|Any CPU
		{C2C76815-D553-49BF-9A12-AC30AEA6939F}.Debug|Any CPU.ActiveCfg = Debug|Any CPU
		{C2C76815-D553-49BF-9A12-AC30AEA6939F}.Debug|Any CPU.Build.0 = Debug|Any CPU
		{C2C76815-D553-49BF-9A12-AC30AEA6939F}.Release|Any CPU.ActiveCfg = Release|Any CPU
		{C2C76815-D553-49BF-9A12-AC30AEA6939F}.Release|Any CPU.Build.0 = Release|Any CPU
		{A7DE3E22-F1FA-47A4-A03B-7014A518F745}.Debug|Any CPU.ActiveCfg = Debug|Any CPU
		{A7DE3E22-F1FA-47A4-A03B-7014A518F745}.Debug|Any CPU.Build.0 = Debug|Any CPU
		{A7DE3E22-F1FA-47A4-A03B-7014A518F745}.Release|Any CPU.ActiveCfg = Release|Any CPU
		{A7DE3E22-F1FA-47A4-A03B-7014A518F745}.Release|Any CPU.Build.0 = Release|Any CPU
	EndGlobalSection
	GlobalSection(SolutionProperties) = preSolution
		HideSolutionNode = FALSE
	EndGlobalSection
	GlobalSection(ExtensibilityGlobals) = postSolution
		SolutionGuid = {9DF6675D-82C0-438B-B8E8-2E75D8C36B56}
	EndGlobalSection
EndGlobal
